
Microsoft Visual Studio Solution File, Format Version 12.00
# Visual Studio Version 17
VisualStudioVersion = 17.7.34018.315
MinimumVisualStudioVersion = 10.0.40219.1
Project("{FAE04EC0-301F-11D3-BF4B-00C04F79EFBC}") = "Training2 project", "Training2 project.csproj", "{F70D45D8-9FF8-4D04-B2A0-A5479ABE8912}"
EndProject
Global
	GlobalSection(SolutionConfigurationPlatforms) = preSolution
		Debug|Any CPU = Debug|Any CPU
		Release|Any CPU = Release|Any CPU
	EndGlobalSection
	GlobalSection(ProjectConfigurationPlatforms) = postSolution
		{F70D45D8-9FF8-4D04-B2A0-A5479ABE8912}.Debug|Any CPU.ActiveCfg = Debug|Any CPU
		{F70D45D8-9FF8-4D04-B2A0-A5479ABE8912}.Debug|Any CPU.Build.0 = Debug|Any CPU
		{F70D45D8-9FF8-4D04-B2A0-A5479ABE8912}.Release|Any CPU.ActiveCfg = Release|Any CPU
		{F70D45D8-9FF8-4D04-B2A0-A5479ABE8912}.Release|Any CPU.Build.0 = Release|Any CPU
	EndGlobalSection
	GlobalSection(SolutionProperties) = preSolution
		HideSolutionNode = FALSE
	EndGlobalSection
	GlobalSection(ExtensibilityGlobals) = postSolution
		SolutionGuid = {DEF144D5-C0E0-4504-A8E6-2574C502E1EA}
	EndGlobalSection
EndGlobal
